{
    "_readme": [
        "This file locks the dependencies of your project to a known state",
        "Read more about it at https://getcomposer.org/doc/01-basic-usage.md#composer-lock-the-lock-file",
        "This file is @generated automatically"
    ],
    "hash": "495cc56d94cea54ea8c372b9500c00cb",
    "content-hash": "9940643aab9a293ee6c39a96635c890e",
    "packages": [
        {
            "name": "doctrine/collections",
            "version": "v1.3.0",
            "source": {
                "type": "git",
                "url": "https://github.com/doctrine/collections.git",
                "reference": "6c1e4eef75f310ea1b3e30945e9f06e652128b8a"
            },
            "dist": {
                "type": "zip",
                "url": "https://api.github.com/repos/doctrine/collections/zipball/6c1e4eef75f310ea1b3e30945e9f06e652128b8a",
                "reference": "6c1e4eef75f310ea1b3e30945e9f06e652128b8a",
                "shasum": ""
            },
            "require": {
                "php": ">=5.3.2"
            },
            "require-dev": {
                "phpunit/phpunit": "~4.0"
            },
            "type": "library",
            "extra": {
                "branch-alias": {
                    "dev-master": "1.2.x-dev"
                }
            },
            "autoload": {
                "psr-0": {
                    "Doctrine\\Common\\Collections\\": "lib/"
                }
            },
            "notification-url": "https://packagist.org/downloads/",
            "license": [
                "MIT"
            ],
            "authors": [
                {
                    "name": "Roman Borschel",
                    "email": "roman@code-factory.org"
                },
                {
                    "name": "Benjamin Eberlei",
                    "email": "kontakt@beberlei.de"
                },
                {
                    "name": "Guilherme Blanco",
                    "email": "guilhermeblanco@gmail.com"
                },
                {
                    "name": "Jonathan Wage",
                    "email": "jonwage@gmail.com"
                },
                {
                    "name": "Johannes Schmitt",
                    "email": "schmittjoh@gmail.com"
                }
            ],
            "description": "Collections Abstraction library",
            "homepage": "http://www.doctrine-project.org",
            "keywords": [
                "array",
                "collections",
                "iterator"
            ],
            "time": "2015-04-14 22:21:58"
        },
        {
            "name": "mexitek/phpcolors",
            "version": "dev-master",
            "source": {
                "type": "git",
                "url": "https://github.com/mexitek/phpColors.git",
                "reference": "629eb54bf7f920529c815fd5f85b5af9651ae9f0"
            },
            "dist": {
                "type": "zip",
                "url": "https://api.github.com/repos/mexitek/phpColors/zipball/629eb54bf7f920529c815fd5f85b5af9651ae9f0",
                "reference": "629eb54bf7f920529c815fd5f85b5af9651ae9f0",
                "shasum": ""
            },
            "require": {
                "php": ">=5.3.0"
            },
            "require-dev": {
                "nette/tester": "~1.6"
            },
            "type": "library",
            "autoload": {
                "classmap": [
                    "src"
                ]
            },
            "notification-url": "https://packagist.org/downloads/",
            "license": [
                "MIT"
            ],
            "authors": [
                {
                    "name": "Arlo Carreon",
                    "homepage": "http://arlocarreon.com",
                    "role": "creator"
                }
            ],
            "description": "A series of methods that let you manipulate colors. Just incase you ever need different shades of one color on the fly.",
            "homepage": "http://mexitek.github.com/phpColors/",
            "keywords": [
                "color",
                "css",
                "design",
                "frontend",
                "ui"
            ],
            "time": "2016-01-12 23:45:10"
        },
        {
            "name": "simshaun/recurr",
            "version": "v2.0",
            "source": {
                "type": "git",
                "url": "https://github.com/simshaun/recurr.git",
                "reference": "bb2959f0c07e92155bb852ab58fdedf5acc395b2"
            },
            "dist": {
                "type": "zip",
                "url": "https://api.github.com/repos/simshaun/recurr/zipball/bb2959f0c07e92155bb852ab58fdedf5acc395b2",
                "reference": "bb2959f0c07e92155bb852ab58fdedf5acc395b2",
                "shasum": ""
            },
            "require": {
                "doctrine/collections": "~1.3",
                "php": ">=5.3.0"
            },
            "require-dev": {
                "phpunit/phpunit": "~4.5"
            },
            "type": "library",
            "extra": {
                "branch-alias": {
                    "dev-master": "0.x-dev"
                }
            },
            "autoload": {
                "psr-0": {
                    "Recurr": "src/"
                }
            },
            "notification-url": "https://packagist.org/downloads/",
            "license": [
                "MIT"
            ],
            "authors": [
                {
                    "name": "Shaun Simmons",
                    "email": "shaun@envysphere.com",
                    "homepage": "http://envysphere.com"
                }
            ],
            "description": "PHP library for working with recurrence rules",
            "homepage": "https://github.com/simshaun/recurr",
            "keywords": [
                "dates",
                "events",
                "recurrence",
                "recurring",
                "rrule"
            ],
            "time": "2016-12-02 00:45:26"
        }
    ],
    "packages-dev": [],
    "aliases": [],
    "minimum-stability": "stable",
    "stability-flags": {
        "mexitek/phpcolors": 20
    },
    "prefer-stable": false,
    "prefer-lowest": false,
    "platform": [],
    "platform-dev": []
}
